
Microsoft Visual Studio Solution File, Format Version 12.00
# Visual Studio 15
VisualStudioVersion = 15.0.28307.168
MinimumVisualStudioVersion = 10.0.40219.1
Project("{FAE04EC0-301F-11D3-BF4B-00C04F79EFBC}") = "GDIplusAnimations", "GDIplusAnimations\GDIplusAnimations.csproj", "{CEF52163-2F95-4546-9F22-FC72B09EAAC4}"
EndProject
Global
	GlobalSection(SolutionConfigurationPlatforms) = preSolution
		Debug|Any CPU = Debug|Any CPU
		Release|Any CPU = Release|Any CPU
	EndGlobalSection
	GlobalSection(ProjectConfigurationPlatforms) = postSolution
		{CEF52163-2F95-4546-9F22-FC72B09EAAC4}.Debug|Any CPU.ActiveCfg = Debug|Any CPU
		{CEF52163-2F95-4546-9F22-FC72B09EAAC4}.Debug|Any CPU.Build.0 = Debug|Any CPU
		{CEF52163-2F95-4546-9F22-FC72B09EAAC4}.Release|Any CPU.ActiveCfg = Release|Any CPU
		{CEF52163-2F95-4546-9F22-FC72B09EAAC4}.Release|Any CPU.Build.0 = Release|Any CPU
	EndGlobalSection
	GlobalSection(SolutionProperties) = preSolution
		HideSolutionNode = FALSE
	EndGlobalSection
	GlobalSection(ExtensibilityGlobals) = postSolution
		SolutionGuid = {F1057769-21A8-453B-B4EC-B01024B552FB}
	EndGlobalSection
EndGlobal
